<?xml version="1.0" encoding="utf-8"?>
<Project ToolsVersion="4.0" xmlns="http://schemas.microsoft.com/developer/msbuild/2003">
  <ItemGroup>
    <Filter Include="Other">
      <UniqueIdentifier>{67DA6AB6-F800-4c08-8B7A-83BB121AAD01}</UniqueIdentifier>
      <Extensions>rc;ico;cur;bmp;dlg;rc2;rct;bin;rgs;gif;jpg;jpeg;jpe;resx;tiff;tif;png;wav;mfcribbon-ms</Extensions>
    </Filter>
  </ItemGroup>
  <ItemGroup>
    <ClInclude Include="stdafx.h" />
    <ClInclude Include="UWandRW_Receiver.h" />
    <ClInclude Include="Server.h" />
    <ClInclude Include="WriteDebugLog.h" />
    <ClInclude Include="GetIniFileParam.h" />
    <ClInclude Include="GetTime.h" />
    <ClInclude Include="CriticalSection.h" />
    <ClInclude Include="Common.h" />
    <ClInclude Include="CommonNet.h" />
    <ClInclude Include="Resource.h">
      <Filter>Other</Filter>
    </ClInclude>
    <ClInclude Include="ReceiveThread.h" />
    <ClInclude Include="SendThread.h" />
    <ClInclude Include="DeleteLogFolder.h" />
  </ItemGroup>
  <ItemGroup>
    <ClCompile Include="stdafx.cpp" />
    <ClCompile Include="UWandRW_Receiver.cpp" />
    <ClCompile Include="Server.cpp" />
    <ClCompile Include="WriteDebugLog.cpp" />
    <ClCompile Include="GetIniFileParam.cpp" />
    <ClCompile Include="GetTime.cpp" />
    <ClCompile Include="Common.cpp" />
    <ClCompile Include="ReceiveThread.cpp" />
    <ClCompile Include="SendThread.cpp" />
    <ClCompile Include="DeleteLogFolder.cpp" />
  </ItemGroup>
  <ItemGroup>
    <ResourceCompile Include="UWandRW_Receiver.rc">
      <Filter>Other</Filter>
    </ResourceCompile>
  </ItemGroup>
</Project>