
Microsoft Visual Studio Solution File, Format Version 11.00
# Visual Studio 2010
Project("{FAE04EC0-301F-11D3-BF4B-00C04F79EFBC}") = "UWandRW_Parse_Xml", "UWandRW_Parse_Xml.csproj", "{798830F6-9F29-44B9-BCF1-010C14B7AACF}"
EndProject
Global
	GlobalSection(SolutionConfigurationPlatforms) = preSolution
		Debug|x86 = Debug|x86
		Release|x86 = Release|x86
	EndGlobalSection
	GlobalSection(ProjectConfigurationPlatforms) = postSolution
		{798830F6-9F29-44B9-BCF1-010C14B7AACF}.Debug|x86.ActiveCfg = Debug|x86
		{798830F6-9F29-44B9-BCF1-010C14B7AACF}.Debug|x86.Build.0 = Debug|x86
		{798830F6-9F29-44B9-BCF1-010C14B7AACF}.Release|x86.ActiveCfg = Release|x86
		{798830F6-9F29-44B9-BCF1-010C14B7AACF}.Release|x86.Build.0 = Release|x86
	EndGlobalSection
	GlobalSection(SolutionProperties) = preSolution
		HideSolutionNode = FALSE
	EndGlobalSection
EndGlobal
