<?xml version="1.0" encoding="utf-8"?>
<Project ToolsVersion="4.0" xmlns="http://schemas.microsoft.com/developer/msbuild/2003">
  <ItemGroup>
    <Filter Include="Application">
      <UniqueIdentifier>{aca3b778-2196-42d9-8bad-e6188563ff32}</UniqueIdentifier>
    </Filter>
    <Filter Include="Application\DataIF">
      <UniqueIdentifier>{39f0e322-c509-44fa-9fb4-60d7da1bf7eb}</UniqueIdentifier>
    </Filter>
    <Filter Include="Application\PrinterIF">
      <UniqueIdentifier>{44744aa7-1c71-4ed5-86f1-68e6658fc844}</UniqueIdentifier>
    </Filter>
    <Filter Include="Framework">
      <UniqueIdentifier>{995916fd-eaa0-4cc9-8794-8e313d91384d}</UniqueIdentifier>
    </Filter>
    <Filter Include="Framework\Common">
      <UniqueIdentifier>{e93e68d0-7897-483b-b8ea-ae5a22040d71}</UniqueIdentifier>
    </Filter>
    <Filter Include="Framework\Plugin">
      <UniqueIdentifier>{f8458774-304a-4b23-80c3-e2d79998435a}</UniqueIdentifier>
    </Filter>
    <Filter Include="Application\Common">
      <UniqueIdentifier>{c1764804-67ac-4ff5-bd1e-5182df662511}</UniqueIdentifier>
    </Filter>
    <Filter Include="Application\DataIF\2.Application">
      <UniqueIdentifier>{8c805037-09d7-420c-ab79-23be8f99d197}</UniqueIdentifier>
    </Filter>
    <Filter Include="Application\DataIF\3.Domain">
      <UniqueIdentifier>{0e99fc8b-f227-4718-b9cf-8d9a065f1009}</UniqueIdentifier>
    </Filter>
    <Filter Include="Application\DataIF\4.Data">
      <UniqueIdentifier>{16d4f131-9ee0-46f7-8332-d08c0ba3b04e}</UniqueIdentifier>
    </Filter>
    <Filter Include="Application\DataIF\4.Data\Common">
      <UniqueIdentifier>{75cce50b-1429-4fde-a184-e0ec303c4c0a}</UniqueIdentifier>
    </Filter>
    <Filter Include="Application\DataIF\4.Data\ToReadXML">
      <UniqueIdentifier>{46c4000c-6ad6-4b30-aea9-fadf090a18ca}</UniqueIdentifier>
    </Filter>
    <Filter Include="Application\DataIF\4.Data\ToWritePaperDB">
      <UniqueIdentifier>{37a8bf60-e74e-45ba-9e33-820841ffbb3e}</UniqueIdentifier>
    </Filter>
    <Filter Include="Application\DataIF\5.Infrastructure">
      <UniqueIdentifier>{f4154027-738b-4422-80ad-81d8bc9afc2e}</UniqueIdentifier>
    </Filter>
  </ItemGroup>
  <ItemGroup>
    <ClCompile Include="PrintConditionImporter.cpp">
      <Filter>Framework\Plugin</Filter>
    </ClCompile>
    <ClCompile Include="StdAfx.cpp">
      <Filter>Framework\Plugin</Filter>
    </ClCompile>
    <ClCompile Include="PrintConditionImporter_OP.cpp">
      <Filter>Framework\Plugin</Filter>
    </ClCompile>
    <ClCompile Include="PrinterIF.cpp">
      <Filter>Application\PrinterIF</Filter>
    </ClCompile>
    <ClCompile Include="..\..\..\..\Common\Client\Src\Common\ProcPluginCBRProc.cpp">
      <Filter>Framework\Common</Filter>
    </ClCompile>
    <ClCompile Include="..\Common\ProcPlugin_Common.cpp">
      <Filter>Framework\Common</Filter>
    </ClCompile>
    <ClCompile Include="Plugin_IF.cpp">
      <Filter>Framework\Plugin</Filter>
    </ClCompile>
    <ClCompile Include="..\..\..\..\Common\Client\Src\Common\BasePrinterIF.cpp">
      <Filter>Framework\Common</Filter>
    </ClCompile>
    <ClCompile Include="..\..\..\..\Common\Client\Src\Common\CCommonCBRProc.cpp">
      <Filter>Framework\Common</Filter>
    </ClCompile>
    <ClCompile Include="..\..\..\..\Common\Client\Src\Common\CommonCBRProc.cpp">
      <Filter>Framework\Common</Filter>
    </ClCompile>
    <ClCompile Include="..\..\..\..\Common\Client\Src\Common\PluginCommon.cpp">
      <Filter>Framework\Common</Filter>
    </ClCompile>
    <ClCompile Include="..\..\..\..\Common\Client\Src\Common\PluginTemplate.cpp">
      <Filter>Framework\Common</Filter>
    </ClCompile>
    <ClCompile Include="..\..\..\..\Common\Client\Src\Common\Ini_Template.cpp">
      <Filter>Framework\Common</Filter>
    </ClCompile>
    <ClCompile Include="..\Common\BaseDataIF.cpp">
      <Filter>Framework\Common</Filter>
    </ClCompile>
    <ClCompile Include="..\Common\CCommonCBRProc_OP.cpp">
      <Filter>Framework\Common</Filter>
    </ClCompile>
    <ClCompile Include="..\Common\CommonCBRProc_OP.cpp">
      <Filter>Framework\Common</Filter>
    </ClCompile>
    <ClCompile Include="..\Common\Ini_PrinterDescriptor.cpp">
      <Filter>Framework\Common</Filter>
    </ClCompile>
    <ClCompile Include="..\Common\McpuCommand\BaseMcpuCmd.cpp">
      <Filter>Framework\Common</Filter>
    </ClCompile>
    <ClCompile Include="..\Common\McpuCommand\BaseMcpuDataIF.cpp">
      <Filter>Framework\Common</Filter>
    </ClCompile>
    <ClCompile Include="..\Common\Ini_TemplateLengthUnit.cpp">
      <Filter>Framework\Common</Filter>
    </ClCompile>
    <ClCompile Include="..\Common\Ini_PrinterParameter.cpp">
      <Filter>Application\Common</Filter>
    </ClCompile>
    <ClCompile Include="..\Common\Ini_StringsPrinterParameter.cpp">
      <Filter>Application\Common</Filter>
    </ClCompile>
    <ClCompile Include="..\Common\Ini_ToneSettingGUI.cpp">
      <Filter>Application\Common</Filter>
    </ClCompile>
    <ClCompile Include="..\Common\Ini_PrintConditionGUI.cpp">
      <Filter>Application\Common</Filter>
    </ClCompile>
    <ClCompile Include="..\Common\Ini_MainteJetInspection.cpp">
      <Filter>Application\Common</Filter>
    </ClCompile>
    <ClCompile Include="DataRequestImport.cpp">
      <Filter>Application\DataIF\3.Domain</Filter>
    </ClCompile>
    <ClCompile Include="PrintConditionForXML.cpp">
      <Filter>Application\DataIF\4.Data\Common</Filter>
    </ClCompile>
    <ClCompile Include="PrintConditionsParser.cpp">
      <Filter>Application\DataIF\4.Data\ToReadXML</Filter>
    </ClCompile>
    <ClCompile Include="DotgainFileCreator.cpp">
      <Filter>Application\DataIF\4.Data\ToWritePaperDB</Filter>
    </ClCompile>
    <ClCompile Include="PrintConditionRegister.cpp">
      <Filter>Application\DataIF\4.Data\ToWritePaperDB</Filter>
    </ClCompile>
    <ClCompile Include="UpdatePrintConditionName.cpp">
      <Filter>Application\DataIF\4.Data\ToWritePaperDB</Filter>
    </ClCompile>
    <ClCompile Include="..\..\..\..\Common\Client\Src\Common\XMLParser.cpp">
      <Filter>Application\DataIF\5.Infrastructure</Filter>
    </ClCompile>
    <ClCompile Include="..\..\..\..\Common\Client\Src\Common\XMLElement.cpp">
      <Filter>Application\DataIF\5.Infrastructure</Filter>
    </ClCompile>
    <ClCompile Include="DataSystemSetting.cpp">
      <Filter>Application\DataIF\4.Data\ToWritePaperDB</Filter>
    </ClCompile>
    <ClCompile Include="Ini_PrintConditionImporter.cpp">
      <Filter>Application\DataIF\4.Data\ToWritePaperDB</Filter>
    </ClCompile>
    <ClCompile Include="EndTriggerCreator.cpp">
      <Filter>Application\DataIF\4.Data\Common</Filter>
    </ClCompile>
    <ClCompile Include="Stub_PaperDBIF.cpp">
      <Filter>Application\DataIF\4.Data\ToWritePaperDB</Filter>
    </ClCompile>
    <ClCompile Include="Stub_CenterTransIF.cpp">
      <Filter>Application\DataIF</Filter>
    </ClCompile>
    <ClCompile Include="..\Common\CommonConvertUnit.cpp">
      <Filter>Application\Common</Filter>
    </ClCompile>
    <ClCompile Include="..\..\..\..\Common\Client\Src\Common\Ini_Prnv.cpp">
      <Filter>Application\Common</Filter>
    </ClCompile>
    <ClCompile Include="..\Common\PaperDB_MigrationDef.cpp">
      <Filter>Application\Common</Filter>
    </ClCompile>
    <ClCompile Include="Stub_JetInspectorIF.cpp">
      <Filter>Application\DataIF\4.Data\ToWritePaperDB</Filter>
    </ClCompile>
    <ClCompile Include="Stub_RemoteControlIF.cpp">
      <Filter>Application\DataIF\4.Data\ToWritePaperDB</Filter>
    </ClCompile>
    <ClCompile Include="WaitTrigger.cpp">
      <Filter>Application\DataIF\4.Data\Common</Filter>
    </ClCompile>
    <ClCompile Include="DataIF.cpp">
      <Filter>Application\DataIF\2.Application</Filter>
    </ClCompile>
    <ClCompile Include="Stub_PrinterStateIF.cpp">
      <Filter>Application\DataIF\4.Data\ToWritePaperDB</Filter>
    </ClCompile>
    <ClCompile Include="Stub_Mainte_JetInspectionIF.cpp">
      <Filter>Application\DataIF</Filter>
    </ClCompile>
    <ClCompile Include="..\Common\Ini_FlushingPageMagnification.cpp">
      <Filter>Framework\Common</Filter>
    </ClCompile>
    <ClCompile Include="OparationImortProgress.cpp">
      <Filter>Application\DataIF\4.Data\Common</Filter>
    </ClCompile>
    <ClCompile Include="OperationAddProfileTypeList.cpp">
      <Filter>Application\DataIF\4.Data\Common</Filter>
    </ClCompile>
    <ClCompile Include="Stub_JobManagerIF.cpp">
      <Filter>Application\DataIF\4.Data\ToWritePaperDB</Filter>
    </ClCompile>
    <ClCompile Include="Stub_PrintProfileMgrIF.cpp">
      <Filter>Application\DataIF\4.Data\ToWritePaperDB</Filter>
    </ClCompile>
  </ItemGroup>
  <ItemGroup>
    <ClInclude Include="PrintConditionImporter.h">
      <Filter>Framework\Plugin</Filter>
    </ClInclude>
    <ClInclude Include="StdAfx.h">
      <Filter>Framework\Plugin</Filter>
    </ClInclude>
    <ClInclude Include="PrintConditionImporter_OP.h">
      <Filter>Framework\Plugin</Filter>
    </ClInclude>
    <ClInclude Include="ResDef.h">
      <Filter>Application</Filter>
    </ClInclude>
    <ClInclude Include="..\..\..\..\Common\Client\Src\Common\ProcPluginCBRProc.h">
      <Filter>Framework\Common</Filter>
    </ClInclude>
    <ClInclude Include="..\Common\ProcPlugin_Common.h">
      <Filter>Framework\Common</Filter>
    </ClInclude>
    <ClInclude Include="Plugin_IF.h">
      <Filter>Framework\Plugin</Filter>
    </ClInclude>
    <ClInclude Include="VersionInfo.h">
      <Filter>Framework\Plugin</Filter>
    </ClInclude>
    <ClInclude Include="resource.h">
      <Filter>Framework\Plugin</Filter>
    </ClInclude>
    <ClInclude Include="PrinterIF.h">
      <Filter>Application\PrinterIF</Filter>
    </ClInclude>
    <ClInclude Include="..\..\..\..\Common\Client\Src\Common\BasePrinterIF.h">
      <Filter>Framework\Common</Filter>
    </ClInclude>
    <ClInclude Include="..\..\..\..\Common\Client\Src\Common\CCommonCBRProc.h">
      <Filter>Framework\Common</Filter>
    </ClInclude>
    <ClInclude Include="..\..\..\..\Common\Client\Src\Common\CommonCBRProc.h">
      <Filter>Framework\Common</Filter>
    </ClInclude>
    <ClInclude Include="..\..\..\..\Common\Client\Src\Common\PluginCommon.h">
      <Filter>Framework\Common</Filter>
    </ClInclude>
    <ClInclude Include="..\..\..\..\Common\Client\Src\Common\Ini_Template.h">
      <Filter>Framework\Common</Filter>
    </ClInclude>
    <ClInclude Include="..\Common\BaseDataIF.h">
      <Filter>Framework\Common</Filter>
    </ClInclude>
    <ClInclude Include="..\Common\CCommonCBRProc_OP.h">
      <Filter>Framework\Common</Filter>
    </ClInclude>
    <ClInclude Include="..\Common\CommonCBRProc_OP.h">
      <Filter>Framework\Common</Filter>
    </ClInclude>
    <ClInclude Include="..\Common\Ini_PrinterDescriptor.h">
      <Filter>Framework\Common</Filter>
    </ClInclude>
    <ClInclude Include="..\Common\McpuCommand\BaseMcpuCmd.h">
      <Filter>Framework\Common</Filter>
    </ClInclude>
    <ClInclude Include="..\Common\McpuCommand\BaseMcpuDataIF.h">
      <Filter>Framework\Common</Filter>
    </ClInclude>
    <ClInclude Include="..\Common\Ini_TemplateLengthUnit.h">
      <Filter>Framework\Common</Filter>
    </ClInclude>
    <ClInclude Include="..\Common\CenterTrans\IReceiveParam.h">
      <Filter>Application\Common</Filter>
    </ClInclude>
    <ClInclude Include="..\Common\CenterTrans\ReceiveImportPaperData.h">
      <Filter>Application\Common</Filter>
    </ClInclude>
    <ClInclude Include="..\Common\Ini_PrinterParameter.h">
      <Filter>Application\Common</Filter>
    </ClInclude>
    <ClInclude Include="..\Common\Ini_StringsPrinterParameter.h">
      <Filter>Application\Common</Filter>
    </ClInclude>
    <ClInclude Include="..\Common\PaperDB_Callbacks.h">
      <Filter>Application\Common</Filter>
    </ClInclude>
    <ClInclude Include="..\Common\PaperDBDef_OP.h">
      <Filter>Application\Common</Filter>
    </ClInclude>
    <ClInclude Include="..\Common\JobDef_JobBase_OP.h">
      <Filter>Application\Common</Filter>
    </ClInclude>
    <ClInclude Include="..\Common\JobDef_LayoutImage_OP.h">
      <Filter>Application\Common</Filter>
    </ClInclude>
    <ClInclude Include="..\Common\RemoteSockCommandDef.h">
      <Filter>Application\Common</Filter>
    </ClInclude>
    <ClInclude Include="..\Common\StructJetInspector.h">
      <Filter>Application\Common</Filter>
    </ClInclude>
    <ClInclude Include="..\Common\CommonDef_OP.h">
      <Filter>Application\Common</Filter>
    </ClInclude>
    <ClInclude Include="..\Common\LayoutPaperDB.h">
      <Filter>Application\Common</Filter>
    </ClInclude>
    <ClInclude Include="..\Common\PrintConditionImporter_Callbacks.h">
      <Filter>Application\Common</Filter>
    </ClInclude>
    <ClInclude Include="..\Common\Ini_ToneSettingGUI.h">
      <Filter>Application\Common</Filter>
    </ClInclude>
    <ClInclude Include="..\Common\CriticalSectionLocker.h">
      <Filter>Application\Common</Filter>
    </ClInclude>
    <ClInclude Include="..\Common\Ini_PrintConditionGUI.h">
      <Filter>Application\Common</Filter>
    </ClInclude>
    <ClInclude Include="..\Common\Ini_MainteJetInspection.h">
      <Filter>Application\Common</Filter>
    </ClInclude>
    <ClInclude Include="DataRequestImport.h">
      <Filter>Application\DataIF\3.Domain</Filter>
    </ClInclude>
    <ClInclude Include="PrintConditionForXML.h">
      <Filter>Application\DataIF\4.Data\Common</Filter>
    </ClInclude>
    <ClInclude Include="PrintConditionsParser.h">
      <Filter>Application\DataIF\4.Data\ToReadXML</Filter>
    </ClInclude>
    <ClInclude Include="DotgainFileCreator.h">
      <Filter>Application\DataIF\4.Data\ToWritePaperDB</Filter>
    </ClInclude>
    <ClInclude Include="PrintConditionRegister.h">
      <Filter>Application\DataIF\4.Data\ToWritePaperDB</Filter>
    </ClInclude>
    <ClInclude Include="UpdatePrintConditionName.h">
      <Filter>Application\DataIF\4.Data\ToWritePaperDB</Filter>
    </ClInclude>
    <ClInclude Include="ErrorLevel.h">
      <Filter>Application\DataIF\5.Infrastructure</Filter>
    </ClInclude>
    <ClInclude Include="Value.h">
      <Filter>Application\DataIF\5.Infrastructure</Filter>
    </ClInclude>
    <ClInclude Include="..\..\..\..\Common\Client\Src\Common\XMLParser.h">
      <Filter>Application\DataIF\5.Infrastructure</Filter>
    </ClInclude>
    <ClInclude Include="..\..\..\..\Common\Client\Src\Common\XMLElement.h">
      <Filter>Application\DataIF\5.Infrastructure</Filter>
    </ClInclude>
    <ClInclude Include="DataSystemSetting.h">
      <Filter>Application\DataIF\4.Data\ToWritePaperDB</Filter>
    </ClInclude>
    <ClInclude Include="Ini_PrintConditionImporter.h">
      <Filter>Application\DataIF\4.Data\ToWritePaperDB</Filter>
    </ClInclude>
    <ClInclude Include="EndTriggerCreator.h">
      <Filter>Application\DataIF\4.Data\Common</Filter>
    </ClInclude>
    <ClInclude Include="Stub_PaperDBIF.h">
      <Filter>Application\DataIF\4.Data\ToWritePaperDB</Filter>
    </ClInclude>
    <ClInclude Include="..\Common\ThreadSafeShareLock.h">
      <Filter>Application\Common</Filter>
    </ClInclude>
    <ClInclude Include="Stub_CenterTransIF.h">
      <Filter>Application\DataIF</Filter>
    </ClInclude>
    <ClInclude Include="..\Common\CommonConvertUnit.h">
      <Filter>Application\Common</Filter>
    </ClInclude>
    <ClInclude Include="..\..\..\..\Common\Client\Src\Common\Ini_Prnv.h">
      <Filter>Application\Common</Filter>
    </ClInclude>
    <ClInclude Include="..\Common\PaperDB_MigrationDef.h">
      <Filter>Application\Common</Filter>
    </ClInclude>
    <ClInclude Include="Stub_JetInspectorIF.h">
      <Filter>Application\DataIF\4.Data\ToWritePaperDB</Filter>
    </ClInclude>
    <ClInclude Include="Stub_RemoteControlIF.h">
      <Filter>Application\DataIF\4.Data\ToWritePaperDB</Filter>
    </ClInclude>
    <ClInclude Include="WaitTrigger.h">
      <Filter>Application\DataIF\4.Data\Common</Filter>
    </ClInclude>
    <ClInclude Include="DataIF.h">
      <Filter>Application\DataIF\2.Application</Filter>
    </ClInclude>
    <ClInclude Include="Stub_PrinterStateIF.h">
      <Filter>Application\DataIF\4.Data\ToWritePaperDB</Filter>
    </ClInclude>
    <ClInclude Include="Stub_Mainte_JetInspectionIF.h">
      <Filter>Application\DataIF</Filter>
    </ClInclude>
    <ClInclude Include="..\Common\Ini_FlushingPageMagnification.h">
      <Filter>Framework\Common</Filter>
    </ClInclude>
    <ClInclude Include="OperationImportProgress.h">
      <Filter>Application\DataIF\4.Data\Common</Filter>
    </ClInclude>
    <ClInclude Include="OperationAddProfileTypeList.h">
      <Filter>Application\DataIF\4.Data\Common</Filter>
    </ClInclude>
    <ClInclude Include="Stub_JobManagerIF.h">
      <Filter>Application\DataIF\4.Data\ToWritePaperDB</Filter>
    </ClInclude>
    <ClInclude Include="Stub_PrintProfileMgrIF.h">
      <Filter>Application\DataIF\4.Data\ToWritePaperDB</Filter>
    </ClInclude>
  </ItemGroup>
  <ItemGroup>
    <ResourceCompile Include="Resource.rc">
      <Filter>Framework\Plugin</Filter>
    </ResourceCompile>
  </ItemGroup>
</Project>