<?xml version="1.0" encoding="utf-8"?>
<Project ToolsVersion="4.0" xmlns="http://schemas.microsoft.com/developer/msbuild/2003">
  <ItemGroup>
    <Filter Include="Application">
      <UniqueIdentifier>{05896971-9074-4e33-b002-159ac22e3a0f}</UniqueIdentifier>
    </Filter>
    <Filter Include="Application\DataIF">
      <UniqueIdentifier>{805c392a-fa25-4c30-b79c-6b01a0575917}</UniqueIdentifier>
    </Filter>
    <Filter Include="Application\PrinterIF">
      <UniqueIdentifier>{29ae1f41-e78f-4c1f-af5e-252467027df1}</UniqueIdentifier>
    </Filter>
    <Filter Include="Framework">
      <UniqueIdentifier>{7a450535-fa8b-48ce-9e47-acea32852d4d}</UniqueIdentifier>
    </Filter>
    <Filter Include="Framework\Common">
      <UniqueIdentifier>{a0a3509f-d445-442e-bf78-bad2f4680d93}</UniqueIdentifier>
    </Filter>
    <Filter Include="Framework\Plugin">
      <UniqueIdentifier>{24481210-e7ce-4ff7-adc7-03c719d0ae55}</UniqueIdentifier>
    </Filter>
    <Filter Include="Application\DataIF\1_UI">
      <UniqueIdentifier>{03132eef-9443-44fc-a950-eb8427320362}</UniqueIdentifier>
    </Filter>
    <Filter Include="Application\DataIF\2_Framework">
      <UniqueIdentifier>{bf6bdf0a-053e-4b7f-9052-156213c419a0}</UniqueIdentifier>
    </Filter>
    <Filter Include="Application\DataIF\3_Domein">
      <UniqueIdentifier>{73b27f6f-f53b-437e-a4ce-c9d001bff034}</UniqueIdentifier>
    </Filter>
    <Filter Include="Application\DataIF\4_Data">
      <UniqueIdentifier>{6e02be6e-e5cc-44f6-9842-10df3816a0d3}</UniqueIdentifier>
    </Filter>
    <Filter Include="Application\DataIF\4_Data\toReadPapaerDB">
      <UniqueIdentifier>{5b2fd45a-677a-4ce5-8ecb-226647b8c4bd}</UniqueIdentifier>
    </Filter>
    <Filter Include="Application\DataIF\4_Data\toWriteExportFile">
      <UniqueIdentifier>{c457d369-b7b1-4170-96bb-95aac93245ba}</UniqueIdentifier>
    </Filter>
    <Filter Include="Application\DataIF\5_Infrastructure">
      <UniqueIdentifier>{6c192c06-d1f6-459d-890f-bef6b322e461}</UniqueIdentifier>
    </Filter>
    <Filter Include="Application\DataIF\5_Infrastructure\Utility">
      <UniqueIdentifier>{0982df0d-cd9f-4ad8-a7aa-e50e475856f8}</UniqueIdentifier>
    </Filter>
    <Filter Include="Application\DataIF\5_Infrastructure\API">
      <UniqueIdentifier>{3957be30-e543-4b3b-8d77-3a97265b13c0}</UniqueIdentifier>
    </Filter>
    <Filter Include="Application\DataIF\5_Infrastructure\EnvironmentVariable">
      <UniqueIdentifier>{d2fc19a9-64f4-4e3f-8deb-5b566b26df59}</UniqueIdentifier>
    </Filter>
    <Filter Include="Application\DataIF\4_Data\toWriteXML">
      <UniqueIdentifier>{47141142-9353-45aa-a104-0221aafcb5c7}</UniqueIdentifier>
    </Filter>
  </ItemGroup>
  <ItemGroup>
    <ClCompile Include="PrintConditionExporter.cpp">
      <Filter>Framework\Plugin</Filter>
    </ClCompile>
    <ClCompile Include="StdAfx.cpp">
      <Filter>Framework\Plugin</Filter>
    </ClCompile>
    <ClCompile Include="PrintConditionExporter_OP.cpp">
      <Filter>Framework\Plugin</Filter>
    </ClCompile>
    <ClCompile Include="PrinterIF.cpp">
      <Filter>Application\PrinterIF</Filter>
    </ClCompile>
    <ClCompile Include="..\..\..\..\Common\Client\Src\Common\ProcPluginCBRProc.cpp">
      <Filter>Framework\Common</Filter>
    </ClCompile>
    <ClCompile Include="..\Common\ProcPlugin_Common.cpp">
      <Filter>Framework\Common</Filter>
    </ClCompile>
    <ClCompile Include="Plugin_IF.cpp">
      <Filter>Framework\Plugin</Filter>
    </ClCompile>
    <ClCompile Include="..\..\..\..\Common\Client\Src\Common\BasePrinterIF.cpp">
      <Filter>Framework\Common</Filter>
    </ClCompile>
    <ClCompile Include="..\..\..\..\Common\Client\Src\Common\CCommonCBRProc.cpp">
      <Filter>Framework\Common</Filter>
    </ClCompile>
    <ClCompile Include="..\..\..\..\Common\Client\Src\Common\CommonCBRProc.cpp">
      <Filter>Framework\Common</Filter>
    </ClCompile>
    <ClCompile Include="..\..\..\..\Common\Client\Src\Common\PluginCommon.cpp">
      <Filter>Framework\Common</Filter>
    </ClCompile>
    <ClCompile Include="..\..\..\..\Common\Client\Src\Common\PluginTemplate.cpp">
      <Filter>Framework\Common</Filter>
    </ClCompile>
    <ClCompile Include="..\..\..\..\Common\Client\Src\Common\Ini_Template.cpp">
      <Filter>Framework\Common</Filter>
    </ClCompile>
    <ClCompile Include="..\Common\BaseDataIF.cpp">
      <Filter>Framework\Common</Filter>
    </ClCompile>
    <ClCompile Include="..\Common\CCommonCBRProc_OP.cpp">
      <Filter>Framework\Common</Filter>
    </ClCompile>
    <ClCompile Include="..\Common\CommonCBRProc_OP.cpp">
      <Filter>Framework\Common</Filter>
    </ClCompile>
    <ClCompile Include="..\Common\Ini_PrinterDescriptor.cpp">
      <Filter>Framework\Common</Filter>
    </ClCompile>
    <ClCompile Include="..\Common\McpuCommand\BaseMcpuCmd.cpp">
      <Filter>Framework\Common</Filter>
    </ClCompile>
    <ClCompile Include="..\Common\McpuCommand\BaseMcpuDataIF.cpp">
      <Filter>Framework\Common</Filter>
    </ClCompile>
    <ClCompile Include="..\Common\Ini_TemplateLengthUnit.cpp">
      <Filter>Framework\Common</Filter>
    </ClCompile>
    <ClCompile Include="DataIF.cpp">
      <Filter>Application\DataIF\2_Framework</Filter>
    </ClCompile>
    <ClCompile Include="..\Common\DebugLogUtil.cpp">
      <Filter>Framework\Common</Filter>
    </ClCompile>
    <ClCompile Include="DataRequestExport.cpp">
      <Filter>Application\DataIF\3_Domein</Filter>
    </ClCompile>
    <ClCompile Include="PrintCondition.cpp">
      <Filter>Application\DataIF\4_Data\toReadPapaerDB</Filter>
    </ClCompile>
    <ClCompile Include="ExportFile.cpp">
      <Filter>Application\DataIF\4_Data\toWriteExportFile</Filter>
    </ClCompile>
    <ClCompile Include="FinishFile.cpp">
      <Filter>Application\DataIF\4_Data\toWriteExportFile</Filter>
    </ClCompile>
    <ClCompile Include="Utility.cpp">
      <Filter>Application\DataIF\5_Infrastructure\Utility</Filter>
    </ClCompile>
    <ClCompile Include="ConvertMD5Hash.cpp">
      <Filter>Application\DataIF\5_Infrastructure\Utility</Filter>
    </ClCompile>
    <ClCompile Include="DataSystemSetting.cpp">
      <Filter>Application\DataIF\5_Infrastructure\EnvironmentVariable</Filter>
    </ClCompile>
    <ClCompile Include="Stub_CenterTransIF.cpp">
      <Filter>Application\DataIF\5_Infrastructure\API</Filter>
    </ClCompile>
    <ClCompile Include="Stub_PaperDBIF.cpp">
      <Filter>Application\DataIF\5_Infrastructure\API</Filter>
    </ClCompile>
    <ClCompile Include="..\Common\PaperDB_MigrationDef.cpp">
      <Filter>Application\DataIF\5_Infrastructure\API</Filter>
    </ClCompile>
    <ClCompile Include="Ini_PrintConditionExporter.cpp">
      <Filter>Application\DataIF\5_Infrastructure\EnvironmentVariable</Filter>
    </ClCompile>
    <ClCompile Include="UpdateRequestExport.cpp">
      <Filter>Application\DataIF\3_Domein</Filter>
    </ClCompile>
    <ClCompile Include="ExportFileUpdate.cpp">
      <Filter>Application\DataIF\4_Data\toWriteExportFile</Filter>
    </ClCompile>
    <ClCompile Include="ExportWriteTextFile.cpp">
      <Filter>Application\DataIF\4_Data\toWriteExportFile</Filter>
    </ClCompile>
    <ClCompile Include="..\..\..\..\Common\Client\Src\Common\tstring.cpp">
      <Filter>Framework\Common</Filter>
    </ClCompile>
    <ClCompile Include="..\..\..\..\Common\Client\Src\Common\XMLElement.cpp">
      <Filter>Framework\Common</Filter>
    </ClCompile>
    <ClCompile Include="..\..\..\..\Common\Client\Src\Common\XMLParser.cpp">
      <Filter>Framework\Common</Filter>
    </ClCompile>
    <ClCompile Include="..\..\..\..\Common\Client\Src\Common\XMLElementControl.cpp">
      <Filter>Framework\Common</Filter>
    </ClCompile>
    <ClCompile Include="..\Common\Ini_PrinterParameter.cpp">
      <Filter>Framework\Common</Filter>
    </ClCompile>
    <ClCompile Include="..\Common\Ini_StringsPrinterParameter.cpp">
      <Filter>Framework\Common</Filter>
    </ClCompile>
    <ClCompile Include="ExportUtility.cpp">
      <Filter>Application\DataIF\5_Infrastructure\Utility</Filter>
    </ClCompile>
    <ClCompile Include="PrintConditionExportXML.cpp">
      <Filter>Application\DataIF\4_Data\toWriteXML</Filter>
    </ClCompile>
    <ClCompile Include="ExportXML.cpp">
      <Filter>Application\DataIF\4_Data\toWriteXML</Filter>
    </ClCompile>
    <ClCompile Include="..\..\..\..\Common\Client\Src\Common\fileText.cpp">
      <Filter>Framework\Common</Filter>
    </ClCompile>
    <ClCompile Include="DataRequestExportXML.cpp">
      <Filter>Application\DataIF\3_Domein</Filter>
    </ClCompile>
    <ClCompile Include="..\Common\CommonConvertUnit.cpp">
      <Filter>Framework\Common</Filter>
    </ClCompile>
    <ClCompile Include="..\..\..\..\Common\Client\Src\Common\Ini_Prnv.cpp">
      <Filter>Framework\Common</Filter>
    </ClCompile>
    <ClCompile Include="Stub_PrinterStateIF.cpp">
      <Filter>Application\DataIF\5_Infrastructure\API</Filter>
    </ClCompile>
    <ClCompile Include="..\Common\Ini_FlushingPageMagnification.cpp">
      <Filter>Framework\Common</Filter>
    </ClCompile>
    <ClCompile Include="Stub_JobManagerIF.cpp">
      <Filter>Application\DataIF\5_Infrastructure\API</Filter>
    </ClCompile>
  </ItemGroup>
  <ItemGroup>
    <ClInclude Include="PrintConditionExporter.h">
      <Filter>Framework\Plugin</Filter>
    </ClInclude>
    <ClInclude Include="StdAfx.h">
      <Filter>Framework\Plugin</Filter>
    </ClInclude>
    <ClInclude Include="PrintConditionExporter_OP.h">
      <Filter>Framework\Plugin</Filter>
    </ClInclude>
    <ClInclude Include="..\..\..\..\Common\Client\Src\Common\ProcPluginCBRProc.h">
      <Filter>Framework\Common</Filter>
    </ClInclude>
    <ClInclude Include="..\Common\ProcPlugin_Common.h">
      <Filter>Framework\Common</Filter>
    </ClInclude>
    <ClInclude Include="Plugin_IF.h">
      <Filter>Framework\Plugin</Filter>
    </ClInclude>
    <ClInclude Include="VersionInfo.h">
      <Filter>Framework\Plugin</Filter>
    </ClInclude>
    <ClInclude Include="resource.h">
      <Filter>Framework\Plugin</Filter>
    </ClInclude>
    <ClInclude Include="PrinterIF.h">
      <Filter>Application\PrinterIF</Filter>
    </ClInclude>
    <ClInclude Include="..\..\..\..\Common\Client\Src\Common\BasePrinterIF.h">
      <Filter>Framework\Common</Filter>
    </ClInclude>
    <ClInclude Include="..\..\..\..\Common\Client\Src\Common\CCommonCBRProc.h">
      <Filter>Framework\Common</Filter>
    </ClInclude>
    <ClInclude Include="..\..\..\..\Common\Client\Src\Common\CommonCBRProc.h">
      <Filter>Framework\Common</Filter>
    </ClInclude>
    <ClInclude Include="..\..\..\..\Common\Client\Src\Common\PluginCommon.h">
      <Filter>Framework\Common</Filter>
    </ClInclude>
    <ClInclude Include="..\..\..\..\Common\Client\Src\Common\Ini_Template.h">
      <Filter>Framework\Common</Filter>
    </ClInclude>
    <ClInclude Include="..\Common\BaseDataIF.h">
      <Filter>Framework\Common</Filter>
    </ClInclude>
    <ClInclude Include="..\Common\CCommonCBRProc_OP.h">
      <Filter>Framework\Common</Filter>
    </ClInclude>
    <ClInclude Include="..\Common\CommonCBRProc_OP.h">
      <Filter>Framework\Common</Filter>
    </ClInclude>
    <ClInclude Include="..\Common\Ini_PrinterDescriptor.h">
      <Filter>Framework\Common</Filter>
    </ClInclude>
    <ClInclude Include="..\Common\McpuCommand\BaseMcpuCmd.h">
      <Filter>Framework\Common</Filter>
    </ClInclude>
    <ClInclude Include="..\Common\McpuCommand\BaseMcpuDataIF.h">
      <Filter>Framework\Common</Filter>
    </ClInclude>
    <ClInclude Include="..\Common\Ini_TemplateLengthUnit.h">
      <Filter>Framework\Common</Filter>
    </ClInclude>
    <ClInclude Include="DataIF.h">
      <Filter>Application\DataIF\2_Framework</Filter>
    </ClInclude>
    <ClInclude Include="..\Common\DebugLogUtil.h">
      <Filter>Framework\Common</Filter>
    </ClInclude>
    <ClInclude Include="..\Common\ThreadSafe.h">
      <Filter>Framework\Common</Filter>
    </ClInclude>
    <ClInclude Include="DataRequestExport.h">
      <Filter>Application\DataIF\3_Domein</Filter>
    </ClInclude>
    <ClInclude Include="..\Common\ThreadSafeShareLock.h">
      <Filter>Framework\Common</Filter>
    </ClInclude>
    <ClInclude Include="PrintCondition.h">
      <Filter>Application\DataIF\4_Data\toReadPapaerDB</Filter>
    </ClInclude>
    <ClInclude Include="FinishFile.h">
      <Filter>Application\DataIF\4_Data\toWriteExportFile</Filter>
    </ClInclude>
    <ClInclude Include="ExportFile.h">
      <Filter>Application\DataIF\4_Data\toWriteExportFile</Filter>
    </ClInclude>
    <ClInclude Include="Utility.h">
      <Filter>Application\DataIF\5_Infrastructure\Utility</Filter>
    </ClInclude>
    <ClInclude Include="ConvertMD5Hash.h">
      <Filter>Application\DataIF\5_Infrastructure\Utility</Filter>
    </ClInclude>
    <ClInclude Include="DataSystemSetting.h">
      <Filter>Application\DataIF\5_Infrastructure\EnvironmentVariable</Filter>
    </ClInclude>
    <ClInclude Include="ResDef.h">
      <Filter>Application\DataIF\5_Infrastructure\EnvironmentVariable</Filter>
    </ClInclude>
    <ClInclude Include="Stub_PaperDBIF.h">
      <Filter>Application\DataIF\5_Infrastructure\API</Filter>
    </ClInclude>
    <ClInclude Include="Stub_CenterTransIF.h">
      <Filter>Application\DataIF\5_Infrastructure\API</Filter>
    </ClInclude>
    <ClInclude Include="..\Common\PaperDB_MigrationDef.h">
      <Filter>Application\DataIF\5_Infrastructure\API</Filter>
    </ClInclude>
    <ClInclude Include="..\Common\CenterTrans\ReceiveExportPaperData.h">
      <Filter>Application\DataIF\1_UI</Filter>
    </ClInclude>
    <ClInclude Include="Ini_PrintConditionExporter.h">
      <Filter>Application\DataIF\5_Infrastructure\EnvironmentVariable</Filter>
    </ClInclude>
    <ClInclude Include="UpdateRequestExport.h">
      <Filter>Application\DataIF\3_Domein</Filter>
    </ClInclude>
    <ClInclude Include="ExportFileUpdate.h">
      <Filter>Application\DataIF\4_Data\toWriteExportFile</Filter>
    </ClInclude>
    <ClInclude Include="ExportWriteTextFile.h">
      <Filter>Application\DataIF\4_Data\toWriteExportFile</Filter>
    </ClInclude>
    <ClInclude Include="..\..\..\..\Common\Client\Src\Common\tstring.h">
      <Filter>Framework\Common</Filter>
    </ClInclude>
    <ClInclude Include="..\..\..\..\Common\Client\Src\Common\XMLElement.h">
      <Filter>Framework\Common</Filter>
    </ClInclude>
    <ClInclude Include="..\..\..\..\Common\Client\Src\Common\XMLParser.h">
      <Filter>Framework\Common</Filter>
    </ClInclude>
    <ClInclude Include="..\..\..\..\Common\Client\Src\Common\XMLElementControl.h">
      <Filter>Framework\Common</Filter>
    </ClInclude>
    <ClInclude Include="..\Common\Ini_PrinterParameter.h">
      <Filter>Framework\Common</Filter>
    </ClInclude>
    <ClInclude Include="..\Common\Ini_StringsPrinterParameter.h">
      <Filter>Framework\Common</Filter>
    </ClInclude>
    <ClInclude Include="ExportUtility.h">
      <Filter>Application\DataIF\5_Infrastructure\Utility</Filter>
    </ClInclude>
    <ClInclude Include="PrintConditionExportXMLDef.h">
      <Filter>Application\DataIF\4_Data\toWriteXML</Filter>
    </ClInclude>
    <ClInclude Include="PrintConditionExportXML.h">
      <Filter>Application\DataIF\4_Data\toWriteXML</Filter>
    </ClInclude>
    <ClInclude Include="ExportXML.h">
      <Filter>Application\DataIF\4_Data\toWriteXML</Filter>
    </ClInclude>
    <ClInclude Include="..\..\..\..\Common\Client\Src\Common\fileText.h">
      <Filter>Framework\Common</Filter>
    </ClInclude>
    <ClInclude Include="DataRequestExportXML.h">
      <Filter>Application\DataIF\3_Domein</Filter>
    </ClInclude>
    <ClInclude Include="..\Common\CommonConvertUnit.h">
      <Filter>Framework\Common</Filter>
    </ClInclude>
    <ClInclude Include="..\..\..\..\Common\Client\Src\Common\Ini_Prnv.h">
      <Filter>Framework\Common</Filter>
    </ClInclude>
    <ClInclude Include="Stub_PrinterStateIF.h">
      <Filter>Application\DataIF\5_Infrastructure\API</Filter>
    </ClInclude>
    <ClInclude Include="..\Common\Ini_FlushingPageMagnification.h">
      <Filter>Framework\Common</Filter>
    </ClInclude>
    <ClInclude Include="..\Common\Ini_FlushingPageListData.h">
      <Filter>Framework\Common</Filter>
    </ClInclude>
    <ClInclude Include="Stub_JobManagerIF.h">
      <Filter>Application\DataIF\5_Infrastructure\API</Filter>
    </ClInclude>
  </ItemGroup>
  <ItemGroup>
    <ResourceCompile Include="Resource.rc">
      <Filter>Framework\Plugin</Filter>
    </ResourceCompile>
  </ItemGroup>
</Project>